
Microsoft Visual Studio Solution File, Format Version 12.00
# Visual Studio Version 16
VisualStudioVersion = 16.0.31112.23
MinimumVisualStudioVersion = 10.0.40219.1
Project("{FAE04EC0-301F-11D3-BF4B-00C04F79EFBC}") = "ElevadorAPISUL", "ElevadorAPISUL\ElevadorAPISUL.csproj", "{65969A44-1C02-44DF-BDFE-FB14DA4BC2AD}"
EndProject
Global
	GlobalSection(SolutionConfigurationPlatforms) = preSolution
		Debug|Any CPU = Debug|Any CPU
		Release|Any CPU = Release|Any CPU
	EndGlobalSection
	GlobalSection(ProjectConfigurationPlatforms) = postSolution
		{65969A44-1C02-44DF-BDFE-FB14DA4BC2AD}.Debug|Any CPU.ActiveCfg = Debug|Any CPU
		{65969A44-1C02-44DF-BDFE-FB14DA4BC2AD}.Debug|Any CPU.Build.0 = Debug|Any CPU
		{65969A44-1C02-44DF-BDFE-FB14DA4BC2AD}.Release|Any CPU.ActiveCfg = Release|Any CPU
		{65969A44-1C02-44DF-BDFE-FB14DA4BC2AD}.Release|Any CPU.Build.0 = Release|Any CPU
	EndGlobalSection
	GlobalSection(SolutionProperties) = preSolution
		HideSolutionNode = FALSE
	EndGlobalSection
	GlobalSection(ExtensibilityGlobals) = postSolution
		SolutionGuid = {8FC52518-BD1E-4976-8545-CA6A7F29B186}
	EndGlobalSection
EndGlobal
